
Microsoft Visual Studio Solution File, Format Version 12.00
# Visual Studio Version 17
VisualStudioVersion = 17.14.36603.0 d17.14
MinimumVisualStudioVersion = 10.0.40219.1
Project("{FAE04EC0-301F-11D3-BF4B-00C04F79EFBC}") = "MauiAppMinhasCompras", "MauiAppMinhasCompras\MauiAppMinhasCompras.csproj", "{5474AE07-C09B-4BD0-8045-0107A4E084C0}"
EndProject
Global
	GlobalSection(SolutionConfigurationPlatforms) = preSolution
		Debug|Any CPU = Debug|Any CPU
		Release|Any CPU = Release|Any CPU
	EndGlobalSection
	GlobalSection(ProjectConfigurationPlatforms) = postSolution
		{5474AE07-C09B-4BD0-8045-0107A4E084C0}.Debug|Any CPU.ActiveCfg = Debug|Any CPU
		{5474AE07-C09B-4BD0-8045-0107A4E084C0}.Debug|Any CPU.Build.0 = Debug|Any CPU
		{5474AE07-C09B-4BD0-8045-0107A4E084C0}.Debug|Any CPU.Deploy.0 = Debug|Any CPU
		{5474AE07-C09B-4BD0-8045-0107A4E084C0}.Release|Any CPU.ActiveCfg = Release|Any CPU
		{5474AE07-C09B-4BD0-8045-0107A4E084C0}.Release|Any CPU.Build.0 = Release|Any CPU
		{5474AE07-C09B-4BD0-8045-0107A4E084C0}.Release|Any CPU.Deploy.0 = Release|Any CPU
	EndGlobalSection
	GlobalSection(SolutionProperties) = preSolution
		HideSolutionNode = FALSE
	EndGlobalSection
	GlobalSection(ExtensibilityGlobals) = postSolution
		SolutionGuid = {40E9F171-AD68-4FF1-92C0-E3455929E9CC}
	EndGlobalSection
EndGlobal
